// !$*UTF8*$!
{
	archiveVersion = 1;
	classes = {
	};
	objectVersion = 52;
	objects = {

/* Begin PBXBuildFile section */
		2702F59B261B4E6C001DEB6A /* NavigationStack in Frameworks */ = {isa = PBXBuildFile; productRef = 2702F59A261B4E6C001DEB6A /* NavigationStack */; };
		2702F59F261B5D3F001DEB6A /* DatenBewerbung.xcdatamodeld in Sources */ = {isa = PBXBuildFile; fileRef = 2702F59D261B5D3F001DEB6A /* DatenBewerbung.xcdatamodeld */; };
		2702F5A6261B5EC8001DEB6A /* PersistenceController.swift in Sources */ = {isa = PBXBuildFile; fileRef = 2702F5A5261B5EC8001DEB6A /* PersistenceController.swift */; };
		270F217C2603EF1900D13D08 /* BewerbungsAppApp.swift in Sources */ = {isa = PBXBuildFile; fileRef = 270F217B2603EF1900D13D08 /* BewerbungsAppApp.swift */; };
		270F217E2603EF1900D13D08 /* ContentView.swift in Sources */ = {isa = PBXBuildFile; fileRef = 270F217D2603EF1900D13D08 /* ContentView.swift */; };
		270F21802603EF2500D13D08 /* Assets.xcassets in Resources */ = {isa = PBXBuildFile; fileRef = 270F217F2603EF2500D13D08 /* Assets.xcassets */; };
		270F218C2603F1F300D13D08 /* EineBewerbungView.swift in Sources */ = {isa = PBXBuildFile; fileRef = 270F218B2603F1F300D13D08 /* EineBewerbungView.swift */; };
		270F218F2603F23000D13D08 /* EineBewerbung.swift in Sources */ = {isa = PBXBuildFile; fileRef = 270F218E2603F23000D13D08 /* EineBewerbung.swift */; };
		272ADBD026BC909500E61689 /* MapDisplay.swift in Sources */ = {isa = PBXBuildFile; fileRef = 272ADBCF26BC909500E61689 /* MapDisplay.swift */; };
		274013E22605E7BD00F5F833 /* EineBewerbungAdden.swift in Sources */ = {isa = PBXBuildFile; fileRef = 274013E12605E7BD00F5F833 /* EineBewerbungAdden.swift */; };
		274013E62605EF5B00F5F833 /* StartSeiteBewerbung.swift in Sources */ = {isa = PBXBuildFile; fileRef = 274013E52605EF5B00F5F833 /* StartSeiteBewerbung.swift */; };
		274013E92605F09300F5F833 /* BewerbungZeile.swift in Sources */ = {isa = PBXBuildFile; fileRef = 274013E82605F09300F5F833 /* BewerbungZeile.swift */; };
		274013ED2606356700F5F833 /* BewerbungsListe.swift in Sources */ = {isa = PBXBuildFile; fileRef = 274013EC2606356700F5F833 /* BewerbungsListe.swift */; };
		274013F126073A3C00F5F833 /* EineBewerbungEinstellungen.swift in Sources */ = {isa = PBXBuildFile; fileRef = 274013F026073A3B00F5F833 /* EineBewerbungEinstellungen.swift */; };
		2744F2B826BDC549003D0603 /* MapView.swift in Sources */ = {isa = PBXBuildFile; fileRef = 2744F2B726BDC549003D0603 /* MapView.swift */; };
		27EE550826C0833F006BB9AB /* LocationManager.swift in Sources */ = {isa = PBXBuildFile; fileRef = 27EE550726C0833F006BB9AB /* LocationManager.swift */; };
/* End PBXBuildFile section */

/* Begin PBXFileReference section */
		2702F59E261B5D3F001DEB6A /* DatenBewerbung.xcdatamodel */ = {isa = PBXFileReference; lastKnownFileType = wrapper.xcdatamodel; path = DatenBewerbung.xcdatamodel; sourceTree = "<group>"; };
		2702F5A5261B5EC8001DEB6A /* PersistenceController.swift */ = {isa = PBXFileReference; lastKnownFileType = sourcecode.swift; path = PersistenceController.swift; sourceTree = "<group>"; };
		270F21782603EF1900D13D08 /* BewerbungsApp.app */ = {isa = PBXFileReference; explicitFileType = wrapper.application; includeInIndex = 0; path = BewerbungsApp.app; sourceTree = BUILT_PRODUCTS_DIR; };
		270F217B2603EF1900D13D08 /* BewerbungsAppApp.swift */ = {isa = PBXFileReference; lastKnownFileType = sourcecode.swift; path = BewerbungsAppApp.swift; sourceTree = "<group>"; };
		270F217D2603EF1900D13D08 /* ContentView.swift */ = {isa = PBXFileReference; lastKnownFileType = sourcecode.swift; path = ContentView.swift; sourceTree = "<group>"; };
		270F217F2603EF2500D13D08 /* Assets.xcassets */ = {isa = PBXFileReference; lastKnownFileType = folder.assetcatalog; path = Assets.xcassets; sourceTree = "<group>"; };
		270F21842603EF2500D13D08 /* Info.plist */ = {isa = PBXFileReference; lastKnownFileType = text.plist.xml; path = Info.plist; sourceTree = "<group>"; };
		270F218B2603F1F300D13D08 /* EineBewerbungView.swift */ = {isa = PBXFileReference; lastKnownFileType = sourcecode.swift; path = EineBewerbungView.swift; sourceTree = "<group>"; };
		270F218E2603F23000D13D08 /* EineBewerbung.swift */ = {isa = PBXFileReference; lastKnownFileType = sourcecode.swift; path = EineBewerbung.swift; sourceTree = "<group>"; };
		272ADBCF26BC909500E61689 /* MapDisplay.swift */ = {isa = PBXFileReference; lastKnownFileType = sourcecode.swift; path = MapDisplay.swift; sourceTree = "<group>"; };
		274013E12605E7BD00F5F833 /* EineBewerbungAdden.swift */ = {isa = PBXFileReference; lastKnownFileType = sourcecode.swift; path = EineBewerbungAdden.swift; sourceTree = "<group>"; };
		274013E52605EF5B00F5F833 /* StartSeiteBewerbung.swift */ = {isa = PBXFileReference; lastKnownFileType = sourcecode.swift; path = StartSeiteBewerbung.swift; sourceTree = "<group>"; };
		274013E82605F09300F5F833 /* BewerbungZeile.swift */ = {isa = PBXFileReference; lastKnownFileType = sourcecode.swift; path = BewerbungZeile.swift; sourceTree = "<group>"; };
		274013EC2606356700F5F833 /* BewerbungsListe.swift */ = {isa = PBXFileReference; lastKnownFileType = sourcecode.swift; path = BewerbungsListe.swift; sourceTree = "<group>"; };
		274013F026073A3B00F5F833 /* EineBewerbungEinstellungen.swift */ = {isa = PBXFileReference; lastKnownFileType = sourcecode.swift; path = EineBewerbungEinstellungen.swift; sourceTree = "<group>"; };
		2744F2B726BDC549003D0603 /* MapView.swift */ = {isa = PBXFileReference; lastKnownFileType = sourcecode.swift; path = MapView.swift; sourceTree = "<group>"; };
		27EE550726C0833F006BB9AB /* LocationManager.swift */ = {isa = PBXFileReference; lastKnownFileType = sourcecode.swift; path = LocationManager.swift; sourceTree = "<group>"; };
/* End PBXFileReference section */

/* Begin PBXFrameworksBuildPhase section */
		270F21752603EF1900D13D08 /* Frameworks */ = {
			isa = PBXFrameworksBuildPhase;
			buildActionMask = 2147483647;
			files = (
				2702F59B261B4E6C001DEB6A /* NavigationStack in Frameworks */,
			);
			runOnlyForDeploymentPostprocessing = 0;
		};
/* End PBXFrameworksBuildPhase section */

/* Begin PBXGroup section */
		270F216F2603EF1900D13D08 = {
			isa = PBXGroup;
			children = (
				270F217A2603EF1900D13D08 /* BewerbungsApp */,
				270F21792603EF1900D13D08 /* Products */,
			);
			sourceTree = "<group>";
		};
		270F21792603EF1900D13D08 /* Products */ = {
			isa = PBXGroup;
			children = (
				270F21782603EF1900D13D08 /* BewerbungsApp.app */,
			);
			name = Products;
			sourceTree = "<group>";
		};
		270F217A2603EF1900D13D08 /* BewerbungsApp */ = {
			isa = PBXGroup;
			children = (
				2744F2B626BDC537003D0603 /* Map */,
				270F217B2603EF1900D13D08 /* BewerbungsAppApp.swift */,
				270F217D2603EF1900D13D08 /* ContentView.swift */,
				270F218B2603F1F300D13D08 /* EineBewerbungView.swift */,
				274013E52605EF5B00F5F833 /* StartSeiteBewerbung.swift */,
				274013F026073A3B00F5F833 /* EineBewerbungEinstellungen.swift */,
				274013EC2606356700F5F833 /* BewerbungsListe.swift */,
				274013E82605F09300F5F833 /* BewerbungZeile.swift */,
				274013E12605E7BD00F5F833 /* EineBewerbungAdden.swift */,
				2702F5A5261B5EC8001DEB6A /* PersistenceController.swift */,
				2702F59D261B5D3F001DEB6A /* DatenBewerbung.xcdatamodeld */,
				270F218E2603F23000D13D08 /* EineBewerbung.swift */,
				270F217F2603EF2500D13D08 /* Assets.xcassets */,
				270F21842603EF2500D13D08 /* Info.plist */,
			);
			path = BewerbungsApp;
			sourceTree = "<group>";
		};
		2744F2B626BDC537003D0603 /* Map */ = {
			isa = PBXGroup;
			children = (
				272ADBCF26BC909500E61689 /* MapDisplay.swift */,
				2744F2B726BDC549003D0603 /* MapView.swift */,
				27EE550726C0833F006BB9AB /* LocationManager.swift */,
			);
			path = Map;
			sourceTree = "<group>";
		};
/* End PBXGroup section */

/* Begin PBXNativeTarget section */
		270F21772603EF1900D13D08 /* BewerbungsApp */ = {
			isa = PBXNativeTarget;
			buildConfigurationList = 270F21872603EF2500D13D08 /* Build configuration list for PBXNativeTarget "BewerbungsApp" */;
			buildPhases = (
				270F21742603EF1900D13D08 /* Sources */,
				270F21752603EF1900D13D08 /* Frameworks */,
				270F21762603EF1900D13D08 /* Resources */,
			);
			buildRules = (
			);
			dependencies = (
			);
			name = BewerbungsApp;
			packageProductDependencies = (
				2702F59A261B4E6C001DEB6A /* NavigationStack */,
			);
			productName = BewerbungsApp;
			productReference = 270F21782603EF1900D13D08 /* BewerbungsApp.app */;
			productType = "com.apple.product-type.application";
		};
/* End PBXNativeTarget section */

/* Begin PBXProject section */
		270F21702603EF1900D13D08 /* Project object */ = {
			isa = PBXProject;
			attributes = {
				LastSwiftUpdateCheck = 1240;
				LastUpgradeCheck = 1240;
				TargetAttributes = {
					270F21772603EF1900D13D08 = {
						CreatedOnToolsVersion = 12.4;
					};
				};
			};
			buildConfigurationList = 270F21732603EF1900D13D08 /* Build configuration list for PBXProject "BewerbungsApp" */;
			compatibilityVersion = "Xcode 9.3";
			developmentRegion = en;
			hasScannedForEncodings = 0;
			knownRegions = (
				en,
				Base,
			);
			mainGroup = 270F216F2603EF1900D13D08;
			packageReferences = (
				2702F599261B4E6C001DEB6A /* XCRemoteSwiftPackageReference "swiftui-navigation-stack" */,
			);
			productRefGroup = 270F21792603EF1900D13D08 /* Products */;
			projectDirPath = "";
			projectRoot = "";
			targets = (
				270F21772603EF1900D13D08 /* BewerbungsApp */,
			);
		};
/* End PBXProject section */

/* Begin PBXResourcesBuildPhase section */
		270F21762603EF1900D13D08 /* Resources */ = {
			isa = PBXResourcesBuildPhase;
			buildActionMask = 2147483647;
			files = (
				270F21802603EF2500D13D08 /* Assets.xcassets in Resources */,
			);
			runOnlyForDeploymentPostprocessing = 0;
		};
/* End PBXResourcesBuildPhase section */

/* Begin PBXSourcesBuildPhase section */
		270F21742603EF1900D13D08 /* Sources */ = {
			isa = PBXSourcesBuildPhase;
			buildActionMask = 2147483647;
			files = (
				2744F2B826BDC549003D0603 /* MapView.swift in Sources */,
				270F217E2603EF1900D13D08 /* ContentView.swift in Sources */,
				27EE550826C0833F006BB9AB /* LocationManager.swift in Sources */,
				272ADBD026BC909500E61689 /* MapDisplay.swift in Sources */,
				274013E22605E7BD00F5F833 /* EineBewerbungAdden.swift in Sources */,
				270F218F2603F23000D13D08 /* EineBewerbung.swift in Sources */,
				274013E62605EF5B00F5F833 /* StartSeiteBewerbung.swift in Sources */,
				270F218C2603F1F300D13D08 /* EineBewerbungView.swift in Sources */,
				274013ED2606356700F5F833 /* BewerbungsListe.swift in Sources */,
				274013F126073A3C00F5F833 /* EineBewerbungEinstellungen.swift in Sources */,
				2702F59F261B5D3F001DEB6A /* DatenBewerbung.xcdatamodeld in Sources */,
				2702F5A6261B5EC8001DEB6A /* PersistenceController.swift in Sources */,
				270F217C2603EF1900D13D08 /* BewerbungsAppApp.swift in Sources */,
				274013E92605F09300F5F833 /* BewerbungZeile.swift in Sources */,
			);
			runOnlyForDeploymentPostprocessing = 0;
		};
/* End PBXSourcesBuildPhase section */

/* Begin XCBuildConfiguration section */
		270F21852603EF2500D13D08 /* Debug */ = {
			isa = XCBuildConfiguration;
			buildSettings = {
				ALWAYS_SEARCH_USER_PATHS = NO;
				CLANG_ANALYZER_NONNULL = YES;
				CLANG_ANALYZER_NUMBER_OBJECT_CONVERSION = YES_AGGRESSIVE;
				CLANG_CXX_LANGUAGE_STANDARD = "gnu++14";
				CLANG_CXX_LIBRARY = "libc++";
				CLANG_ENABLE_MODULES = YES;
				CLANG_ENABLE_OBJC_ARC = YES;
				CLANG_ENABLE_OBJC_WEAK = YES;
				CLANG_WARN_BLOCK_CAPTURE_AUTORELEASING = YES;
				CLANG_WARN_BOOL_CONVERSION = YES;
				CLANG_WARN_COMMA = YES;
				CLANG_WARN_CONSTANT_CONVERSION = YES;
				CLANG_WARN_DEPRECATED_OBJC_IMPLEMENTATIONS = YES;
				CLANG_WARN_DIRECT_OBJC_ISA_USAGE = YES_ERROR;
				CLANG_WARN_DOCUMENTATION_COMMENTS = YES;
				CLANG_WARN_EMPTY_BODY = YES;
				CLANG_WARN_ENUM_CONVERSION = YES;
				CLANG_WARN_INFINITE_RECURSION = YES;
				CLANG_WARN_INT_CONVERSION = YES;
				CLANG_WARN_NON_LITERAL_NULL_CONVERSION = YES;
				CLANG_WARN_OBJC_IMPLICIT_RETAIN_SELF = YES;
				CLANG_WARN_OBJC_LITERAL_CONVERSION = YES;
				CLANG_WARN_OBJC_ROOT_CLASS = YES_ERROR;
				CLANG_WARN_QUOTED_INCLUDE_IN_FRAMEWORK_HEADER = YES;
				CLANG_WARN_RANGE_LOOP_ANALYSIS = YES;
				CLANG_WARN_STRICT_PROTOTYPES = YES;
				CLANG_WARN_SUSPICIOUS_MOVE = YES;
				CLANG_WARN_UNGUARDED_AVAILABILITY = YES_AGGRESSIVE;
				CLANG_WARN_UNREACHABLE_CODE = YES;
				CLANG_WARN__DUPLICATE_METHOD_MATCH = YES;
				COPY_PHASE_STRIP = NO;
				DEBUG_INFORMATION_FORMAT = dwarf;
				ENABLE_STRICT_OBJC_MSGSEND = YES;
				ENABLE_TESTABILITY = YES;
				GCC_C_LANGUAGE_STANDARD = gnu11;
				GCC_DYNAMIC_NO_PIC = NO;
				GCC_NO_COMMON_BLOCKS = YES;
				GCC_OPTIMIZATION_LEVEL = 0;
				GCC_PREPROCESSOR_DEFINITIONS = (
					"DEBUG=1",
					"$(inherited)",
				);
				GCC_WARN_64_TO_32_BIT_CONVERSION = YES;
				GCC_WARN_ABOUT_RETURN_TYPE = YES_ERROR;
				GCC_WARN_UNDECLARED_SELECTOR = YES;
				GCC_WARN_UNINITIALIZED_AUTOS = YES_AGGRESSIVE;
				GCC_WARN_UNUSED_FUNCTION = YES;
				GCC_WARN_UNUSED_VARIABLE = YES;
				IPHONEOS_DEPLOYMENT_TARGET = 14.5;
				MTL_ENABLE_DEBUG_INFO = INCLUDE_SOURCE;
				MTL_FAST_MATH = YES;
				ONLY_ACTIVE_ARCH = YES;
				SDKROOT = iphoneos;
				SWIFT_ACTIVE_COMPILATION_CONDITIONS = DEBUG;
				SWIFT_OPTIMIZATION_LEVEL = "-Onone";
			};
			name = Debug;
		};
		270F21862603EF2500D13D08 /* Release */ = {
			isa = XCBuildConfiguration;
			buildSettings = {
				ALWAYS_SEARCH_USER_PATHS = NO;
				CLANG_ANALYZER_NONNULL = YES;
				CLANG_ANALYZER_NUMBER_OBJECT_CONVERSION = YES_AGGRESSIVE;
				CLANG_CXX_LANGUAGE_STANDARD = "gnu++14";
				CLANG_CXX_LIBRARY = "libc++";
				CLANG_ENABLE_MODULES = YES;
				CLANG_ENABLE_OBJC_ARC = YES;
				CLANG_ENABLE_OBJC_WEAK = YES;
				CLANG_WARN_BLOCK_CAPTURE_AUTORELEASING = YES;
				CLANG_WARN_BOOL_CONVERSION = YES;
				CLANG_WARN_COMMA = YES;
				CLANG_WARN_CONSTANT_CONVERSION = YES;
				CLANG_WARN_DEPRECATED_OBJC_IMPLEMENTATIONS = YES;
				CLANG_WARN_DIRECT_OBJC_ISA_USAGE = YES_ERROR;
				CLANG_WARN_DOCUMENTATION_COMMENTS = YES;
				CLANG_WARN_EMPTY_BODY = YES;
				CLANG_WARN_ENUM_CONVERSION = YES;
				CLANG_WARN_INFINITE_RECURSION = YES;
				CLANG_WARN_INT_CONVERSION = YES;
				CLANG_WARN_NON_LITERAL_NULL_CONVERSION = YES;
				CLANG_WARN_OBJC_IMPLICIT_RETAIN_SELF = YES;
				CLANG_WARN_OBJC_LITERAL_CONVERSION = YES;
				CLANG_WARN_OBJC_ROOT_CLASS = YES_ERROR;
				CLANG_WARN_QUOTED_INCLUDE_IN_FRAMEWORK_HEADER = YES;
				CLANG_WARN_RANGE_LOOP_ANALYSIS = YES;
				CLANG_WARN_STRICT_PROTOTYPES = YES;
				CLANG_WARN_SUSPICIOUS_MOVE = YES;
				CLANG_WARN_UNGUARDED_AVAILABILITY = YES_AGGRESSIVE;
				CLANG_WARN_UNREACHABLE_CODE = YES;
				CLANG_WARN__DUPLICATE_METHOD_MATCH = YES;
				COPY_PHASE_STRIP = NO;
				DEBUG_INFORMATION_FORMAT = "dwarf-with-dsym";
				ENABLE_NS_ASSERTIONS = NO;
				ENABLE_STRICT_OBJC_MSGSEND = YES;
				GCC_C_LANGUAGE_STANDARD = gnu11;
				GCC_NO_COMMON_BLOCKS = YES;
				GCC_WARN_64_TO_32_BIT_CONVERSION = YES;
				GCC_WARN_ABOUT_RETURN_TYPE = YES_ERROR;
				GCC_WARN_UNDECLARED_SELECTOR = YES;
				GCC_WARN_UNINITIALIZED_AUTOS = YES_AGGRESSIVE;
				GCC_WARN_UNUSED_FUNCTION = YES;
				GCC_WARN_UNUSED_VARIABLE = YES;
				IPHONEOS_DEPLOYMENT_TARGET = 14.5;
				MTL_ENABLE_DEBUG_INFO = NO;
				MTL_FAST_MATH = YES;
				SDKROOT = iphoneos;
				SWIFT_COMPILATION_MODE = wholemodule;
				SWIFT_OPTIMIZATION_LEVEL = "-O";
				VALIDATE_PRODUCT = YES;
			};
			name = Release;
		};
		270F21882603EF2500D13D08 /* Debug */ = {
			isa = XCBuildConfiguration;
			buildSettings = {
				ASSETCATALOG_COMPILER_APPICON_NAME = AppIcon;
				ASSETCATALOG_COMPILER_GLOBAL_ACCENT_COLOR_NAME = AccentColor;
				CODE_SIGN_IDENTITY = "Apple Development";
				CODE_SIGN_STYLE = Automatic;
				CURRENT_PROJECT_VERSION = 3;
				DEVELOPMENT_TEAM = 6MGT8LDKBB;
				ENABLE_PREVIEWS = YES;
				INFOPLIST_FILE = BewerbungsApp/Info.plist;
				IPHONEOS_DEPLOYMENT_TARGET = 14.5;
				LD_RUNPATH_SEARCH_PATHS = (
					"$(inherited)",
					"@executable_path/Frameworks",
				);
				PRODUCT_BUNDLE_IDENTIFIER = com.cojabou.BewerbungsTracker;
				PRODUCT_NAME = "$(TARGET_NAME)";
				PROVISIONING_PROFILE_SPECIFIER = "";
				SWIFT_VERSION = 5.0;
				TARGETED_DEVICE_FAMILY = 1;
			};
			name = Debug;
		};
		270F21892603EF2500D13D08 /* Release */ = {
			isa = XCBuildConfiguration;
			buildSettings = {
				ASSETCATALOG_COMPILER_APPICON_NAME = AppIcon;
				ASSETCATALOG_COMPILER_GLOBAL_ACCENT_COLOR_NAME = AccentColor;
				CODE_SIGN_IDENTITY = "Apple Development";
				CODE_SIGN_STYLE = Automatic;
				CURRENT_PROJECT_VERSION = 3;
				DEVELOPMENT_TEAM = 6MGT8LDKBB;
				ENABLE_PREVIEWS = YES;
				INFOPLIST_FILE = BewerbungsApp/Info.plist;
				IPHONEOS_DEPLOYMENT_TARGET = 14.5;
				LD_RUNPATH_SEARCH_PATHS = (
					"$(inherited)",
					"@executable_path/Frameworks",
				);
				PRODUCT_BUNDLE_IDENTIFIER = com.cojabou.BewerbungsTracker;
				PRODUCT_NAME = "$(TARGET_NAME)";
				PROVISIONING_PROFILE_SPECIFIER = "";
				SWIFT_VERSION = 5.0;
				TARGETED_DEVICE_FAMILY = 1;
			};
			name = Release;
		};
/* End XCBuildConfiguration section */

/* Begin XCConfigurationList section */
		270F21732603EF1900D13D08 /* Build configuration list for PBXProject "BewerbungsApp" */ = {
			isa = XCConfigurationList;
			buildConfigurations = (
				270F21852603EF2500D13D08 /* Debug */,
				270F21862603EF2500D13D08 /* Release */,
			);
			defaultConfigurationIsVisible = 0;
			defaultConfigurationName = Release;
		};
		270F21872603EF2500D13D08 /* Build configuration list for PBXNativeTarget "BewerbungsApp" */ = {
			isa = XCConfigurationList;
			buildConfigurations = (
				270F21882603EF2500D13D08 /* Debug */,
				270F21892603EF2500D13D08 /* Release */,
			);
			defaultConfigurationIsVisible = 0;
			defaultConfigurationName = Release;
		};
/* End XCConfigurationList section */

/* Begin XCRemoteSwiftPackageReference section */
		2702F599261B4E6C001DEB6A /* XCRemoteSwiftPackageReference "swiftui-navigation-stack" */ = {
			isa = XCRemoteSwiftPackageReference;
			repositoryURL = "https://github.com/matteopuc/swiftui-navigation-stack.git";
			requirement = {
				kind = upToNextMajorVersion;
				minimumVersion = 1.0.3;
			};
		};
/* End XCRemoteSwiftPackageReference section */

/* Begin XCSwiftPackageProductDependency section */
		2702F59A261B4E6C001DEB6A /* NavigationStack */ = {
			isa = XCSwiftPackageProductDependency;
			package = 2702F599261B4E6C001DEB6A /* XCRemoteSwiftPackageReference "swiftui-navigation-stack" */;
			productName = NavigationStack;
		};
/* End XCSwiftPackageProductDependency section */

/* Begin XCVersionGroup section */
		2702F59D261B5D3F001DEB6A /* DatenBewerbung.xcdatamodeld */ = {
			isa = XCVersionGroup;
			children = (
				2702F59E261B5D3F001DEB6A /* DatenBewerbung.xcdatamodel */,
			);
			currentVersion = 2702F59E261B5D3F001DEB6A /* DatenBewerbung.xcdatamodel */;
			path = DatenBewerbung.xcdatamodeld;
			sourceTree = "<group>";
			versionGroupType = wrapper.xcdatamodel;
		};
/* End XCVersionGroup section */
	};
	rootObject = 270F21702603EF1900D13D08 /* Project object */;
}
